
Microsoft Visual Studio Solution File, Format Version 12.00
# Visual Studio Version 16
VisualStudioVersion = 16.0.28803.452
MinimumVisualStudioVersion = 10.0.40219.1
Project("{FAE04EC0-301F-11D3-BF4B-00C04F79EFBC}") = "GoldCube.FingerPrintScanner.Helpers", "GoldCube.FingerPrintScanner.Helpers\GoldCube.FingerPrintScanner.Helpers.csproj", "{7CE1C116-F3B2-4991-9B46-BE99D784A1AF}"
EndProject
Global
	GlobalSection(SolutionConfigurationPlatforms) = preSolution
		Debug|Any CPU = Debug|Any CPU
		Release|Any CPU = Release|Any CPU
	EndGlobalSection
	GlobalSection(ProjectConfigurationPlatforms) = postSolution
		{7CE1C116-F3B2-4991-9B46-BE99D784A1AF}.Debug|Any CPU.ActiveCfg = Debug|Any CPU
		{7CE1C116-F3B2-4991-9B46-BE99D784A1AF}.Debug|Any CPU.Build.0 = Debug|Any CPU
		{7CE1C116-F3B2-4991-9B46-BE99D784A1AF}.Release|Any CPU.ActiveCfg = Release|Any CPU
		{7CE1C116-F3B2-4991-9B46-BE99D784A1AF}.Release|Any CPU.Build.0 = Release|Any CPU
	EndGlobalSection
	GlobalSection(SolutionProperties) = preSolution
		HideSolutionNode = FALSE
	EndGlobalSection
	GlobalSection(ExtensibilityGlobals) = postSolution
		SolutionGuid = {E7DE9DA8-D416-4E6E-B45D-4DD8DB222E73}
	EndGlobalSection
EndGlobal
